{
  "requires": true,
  "lockfileVersion": 1,
  "dependencies": {
    "fastest-validator": {
      "version": "0.6.9",
      "resolved": "https://registry.npmjs.org/fastest-validator/-/fastest-validator-0.6.9.tgz",
      "integrity": "sha512-IkdnxLkw5updlqrYxhlz/nRnLEPt+YtpbAlevsEcpXQBCs5HSy4IGXCLmtWMKvF7I/femqdP4WlXw7okdLnLfg=="
    },
    "google-protobuf": {
      "version": "3.6.0",
      "resolved": "https://registry.npmjs.org/google-protobuf/-/google-protobuf-3.6.0.tgz",
      "integrity": "sha512-/n7jg+R0g7AM4zuweKPG43+ucu1qvW4WVu6v7kwyq5kD5tFNxgYVX0EYZVSv/oXnM+cTrPi83y4cakgtUXSK6Q=="
    },
    "nats": {
      "version": "0.8.10",
      "resolved": "https://registry.npmjs.org/nats/-/nats-0.8.10.tgz",
      "integrity": "sha512-0aCDCjDbSzmesiHfMG5WEMDurip1mMOdJ2zDTztuKp0RizDcu4u82azvr7NPJvqx9NmBxF1wAlacuHZlMcCRHQ==",
      "requires": {
        "nuid": "^0.6.14"
      }
    },
    "node-nats-streaming": {
      "version": "0.0.40",
      "resolved": "https://registry.npmjs.org/node-nats-streaming/-/node-nats-streaming-0.0.40.tgz",
      "integrity": "sha512-S9J098eyrR7PQb61CpyUK1CVX3YT2cH1TlHDTKOMsCTLb6Jq7rEgw9MgD/epXxsa9yZbncoJL8DAMw8rxddbGQ==",
      "requires": {
        "google-protobuf": "^3.3.0",
        "nats": "^0.8.10",
        "nuid": "^0.6.14"
      }
    },
    "nuid": {
      "version": "0.6.14",
      "resolved": "https://registry.npmjs.org/nuid/-/nuid-0.6.14.tgz",
      "integrity": "sha1-oiXItyDkbFY62NE2QTaGafbCW0g="
    },
    "typescript": {
      "version": "3.0.3",
      "resolved": "https://registry.npmjs.org/typescript/-/typescript-3.0.3.tgz",
      "integrity": "sha512-kk80vLW9iGtjMnIv11qyxLqZm20UklzuR2tL0QAnDIygIUIemcZMxlMWudl9OOt76H3ntVzcTiddQ1/pAAJMYg=="
    }
  }
}
